PODS:
  - APIKit (1.4.1):
    - Result (~> 2.0.0)
  - Result (2.0.0)
  - SwiftyJSON (2.3.2)

DEPENDENCIES:
  - APIKit
  - SwiftyJSON

SPEC CHECKSUMS:
  APIKit: 379740d1505c91d5b6ee107110690cb9f060d4df
  Result: 9e75e1111c774c6ac594e14907b15057053a7959
  SwiftyJSON: 04ccea08915aa0109039157c7974cf0298da292a

PODFILE CHECKSUM: 9a1310e6b2c8d38e5733bf7b7cc07310027a219c

COCOAPODS: 1.0.0
